{
  "originHash" : "06df0fe1be64bfec8e9d0f3654404b5cd7d3994c4865cadda4308ec482074316",
  "pins" : [
    {
      "identity" : "metal-faster-whisper",
      "kind" : "remoteSourceControl",
      "location" : "https://github.com/vsevolod-oparin/metal-faster-whisper",
      "state" : {
        "revision" : "d29430a4cc156e25b8a2e2c9166e1bcd67ba3b84",
        "version" : "0.2.2"
      }
    }
  ],
  "version" : 3
}
