// !$*UTF8*$!
{
	archiveVersion = 1;
	classes = {
	};
	objectVersion = 77;
	objects = {

/* Begin PBXBuildFile section */
		0B4C75EEB3AEEE8104FF1B3B /* Message.swift in Sources */ = {isa = PBXBuildFile; fileRef = A07E16694A09D0B59035EA77 /* Message.swift */; };
		0C6DAE0E0E3BB1B8D180662E /* ChatViewModel.swift in Sources */ = {isa = PBXBuildFile; fileRef = 87F5B26DF43880E6D3E6C280 /* ChatViewModel.swift */; };
		17D2DE8BA27288D04F267D64 /* Attachment.swift in Sources */ = {isa = PBXBuildFile; fileRef = B954F8D7A92ED4B2DE65DE01 /* Attachment.swift */; };
		33C143E5D5FC26D377B0EF8E /* CTTranscriberApp.swift in Sources */ = {isa = PBXBuildFile; fileRef = C74CF08BC26CA94F94FF63CA /* CTTranscriberApp.swift */; };
		34F36C5862E02B79DE6D5657 /* SettingsView.swift in Sources */ = {isa = PBXBuildFile; fileRef = 0154EA1107EBB16AE37ADD82 /* SettingsView.swift */; };
		3A816DC62F98B09AA0EEF0FE /* SettingsManager.swift in Sources */ = {isa = PBXBuildFile; fileRef = B640B4BCCA2BF24F2A20CC8B /* SettingsManager.swift */; };
		452BC2B8E93BB4944D672B81 /* AppSettings.swift in Sources */ = {isa = PBXBuildFile; fileRef = 400DB94D1FAAA6ED9F2B6BBE /* AppSettings.swift */; };
		63B8E73BEB59C8509E59135C /* ConversationRenameUITests.swift in Sources */ = {isa = PBXBuildFile; fileRef = 9065F61E10EAF48287850AAE /* ConversationRenameUITests.swift */; };
		648620CA2893EF51B8F11936 /* KeychainService.swift in Sources */ = {isa = PBXBuildFile; fileRef = 885311CE17FF8EAD94244A53 /* KeychainService.swift */; };
		988D58DA9740238EDAC3E3CB /* Conversation.swift in Sources */ = {isa = PBXBuildFile; fileRef = 9C53EC5F4CBCBD931E4559F5 /* Conversation.swift */; };
		B74AB71BE888405154B99885 /* ChatView.swift in Sources */ = {isa = PBXBuildFile; fileRef = D6DCE79BC5B3122843750F3D /* ChatView.swift */; };
		B8F1E1CE6A8614F8D6D4DD9E /* SettingsStorage.swift in Sources */ = {isa = PBXBuildFile; fileRef = DFE4FD2BBF9CE4A25AD56D1C /* SettingsStorage.swift */; };
		C3FC14CE7048400AFE174901 /* ContentView.swift in Sources */ = {isa = PBXBuildFile; fileRef = 3B7AF3E78D8099AD3ACA4005 /* ContentView.swift */; };
		E816061D4DC7642B48E733DC /* ConversationListView.swift in Sources */ = {isa = PBXBuildFile; fileRef = 94890C099DFFDB85FAE02626 /* ConversationListView.swift */; };
		FE28F286885BF46266AA3FE7 /* FileStorage.swift in Sources */ = {isa = PBXBuildFile; fileRef = 733F64ADBB07315EFC4D8CD2 /* FileStorage.swift */; };
/* End PBXBuildFile section */

/* Begin PBXContainerItemProxy section */
		D69350779C6F4C5919C1DFDA /* PBXContainerItemProxy */ = {
			isa = PBXContainerItemProxy;
			containerPortal = 6AECBB57F972D2385B1C13F9 /* Project object */;
			proxyType = 1;
			remoteGlobalIDString = 4E77C51A4B81A3A3AD110FE7;
			remoteInfo = CTTranscriber;
		};
/* End PBXContainerItemProxy section */

/* Begin PBXFileReference section */
		0154EA1107EBB16AE37ADD82 /* SettingsView.swift */ = {isa = PBXFileReference; lastKnownFileType = sourcecode.swift; path = SettingsView.swift; sourceTree = "<group>"; };
		128C815950849E516D0EC30F /* .gitkeep */ = {isa = PBXFileReference; path = .gitkeep; sourceTree = "<group>"; };
		27ABE31824F927E9C4AAC145 /* CTTranscriber.app */ = {isa = PBXFileReference; explicitFileType = wrapper.application; includeInIndex = 0; path = CTTranscriber.app; sourceTree = BUILT_PRODUCTS_DIR; };
		2C12C6C49D0510515609D820 /* .gitkeep */ = {isa = PBXFileReference; path = .gitkeep; sourceTree = "<group>"; };
		37E38815C304D1AEC81942A0 /* CTTranscriberUITests.xctest */ = {isa = PBXFileReference; explicitFileType = wrapper.cfbundle; includeInIndex = 0; path = CTTranscriberUITests.xctest; sourceTree = BUILT_PRODUCTS_DIR; };
		3B7AF3E78D8099AD3ACA4005 /* ContentView.swift */ = {isa = PBXFileReference; lastKnownFileType = sourcecode.swift; path = ContentView.swift; sourceTree = "<group>"; };
		400DB94D1FAAA6ED9F2B6BBE /* AppSettings.swift */ = {isa = PBXFileReference; lastKnownFileType = sourcecode.swift; path = AppSettings.swift; sourceTree = "<group>"; };
		733F64ADBB07315EFC4D8CD2 /* FileStorage.swift */ = {isa = PBXFileReference; lastKnownFileType = sourcecode.swift; path = FileStorage.swift; sourceTree = "<group>"; };
		87F5B26DF43880E6D3E6C280 /* ChatViewModel.swift */ = {isa = PBXFileReference; lastKnownFileType = sourcecode.swift; path = ChatViewModel.swift; sourceTree = "<group>"; };
		885311CE17FF8EAD94244A53 /* KeychainService.swift */ = {isa = PBXFileReference; lastKnownFileType = sourcecode.swift; path = KeychainService.swift; sourceTree = "<group>"; };
		9065F61E10EAF48287850AAE /* ConversationRenameUITests.swift */ = {isa = PBXFileReference; lastKnownFileType = sourcecode.swift; path = ConversationRenameUITests.swift; sourceTree = "<group>"; };
		94890C099DFFDB85FAE02626 /* ConversationListView.swift */ = {isa = PBXFileReference; lastKnownFileType = sourcecode.swift; path = ConversationListView.swift; sourceTree = "<group>"; };
		9C53EC5F4CBCBD931E4559F5 /* Conversation.swift */ = {isa = PBXFileReference; lastKnownFileType = sourcecode.swift; path = Conversation.swift; sourceTree = "<group>"; };
		A07E16694A09D0B59035EA77 /* Message.swift */ = {isa = PBXFileReference; lastKnownFileType = sourcecode.swift; path = Message.swift; sourceTree = "<group>"; };
		B366EF674878E371A6B985E7 /* .gitkeep */ = {isa = PBXFileReference; path = .gitkeep; sourceTree = "<group>"; };
		B640B4BCCA2BF24F2A20CC8B /* SettingsManager.swift */ = {isa = PBXFileReference; lastKnownFileType = sourcecode.swift; path = SettingsManager.swift; sourceTree = "<group>"; };
		B954F8D7A92ED4B2DE65DE01 /* Attachment.swift */ = {isa = PBXFileReference; lastKnownFileType = sourcecode.swift; path = Attachment.swift; sourceTree = "<group>"; };
		C74CF08BC26CA94F94FF63CA /* CTTranscriberApp.swift */ = {isa = PBXFileReference; lastKnownFileType = sourcecode.swift; path = CTTranscriberApp.swift; sourceTree = "<group>"; };
		D6DCE79BC5B3122843750F3D /* ChatView.swift */ = {isa = PBXFileReference; lastKnownFileType = sourcecode.swift; path = ChatView.swift; sourceTree = "<group>"; };
		DFE4FD2BBF9CE4A25AD56D1C /* SettingsStorage.swift */ = {isa = PBXFileReference; lastKnownFileType = sourcecode.swift; path = SettingsStorage.swift; sourceTree = "<group>"; };
/* End PBXFileReference section */

/* Begin PBXGroup section */
		023CAE0A2109E362F3190A0C /* App */ = {
			isa = PBXGroup;
			children = (
				C74CF08BC26CA94F94FF63CA /* CTTranscriberApp.swift */,
			);
			path = App;
			sourceTree = "<group>";
		};
		1A0E1471BFFC4CE8A0485C3E /* Views */ = {
			isa = PBXGroup;
			children = (
				D6DCE79BC5B3122843750F3D /* ChatView.swift */,
				3B7AF3E78D8099AD3ACA4005 /* ContentView.swift */,
				94890C099DFFDB85FAE02626 /* ConversationListView.swift */,
				0154EA1107EBB16AE37ADD82 /* SettingsView.swift */,
			);
			path = Views;
			sourceTree = "<group>";
		};
		1F5202F216141558E1D58E6E /* Resources */ = {
			isa = PBXGroup;
			children = (
				128C815950849E516D0EC30F /* .gitkeep */,
			);
			path = Resources;
			sourceTree = "<group>";
		};
		1FF6A8C20BBA1F661132A818 /* CTTranscriberUITests */ = {
			isa = PBXGroup;
			children = (
				9065F61E10EAF48287850AAE /* ConversationRenameUITests.swift */,
			);
			path = CTTranscriberUITests;
			sourceTree = "<group>";
		};
		2290E68696C18EA9EFA2233C /* Models */ = {
			isa = PBXGroup;
			children = (
				400DB94D1FAAA6ED9F2B6BBE /* AppSettings.swift */,
				B954F8D7A92ED4B2DE65DE01 /* Attachment.swift */,
				9C53EC5F4CBCBD931E4559F5 /* Conversation.swift */,
				A07E16694A09D0B59035EA77 /* Message.swift */,
			);
			path = Models;
			sourceTree = "<group>";
		};
		32F37C5058D60D201AA3624A /* CTTranscriber */ = {
			isa = PBXGroup;
			children = (
				023CAE0A2109E362F3190A0C /* App */,
				2290E68696C18EA9EFA2233C /* Models */,
				AD512143C811C3882755AB50 /* Python */,
				1F5202F216141558E1D58E6E /* Resources */,
				6C57959938D64B9D176FD810 /* Services */,
				91CF9C95832D1A7BC0B5D256 /* ViewModels */,
				1A0E1471BFFC4CE8A0485C3E /* Views */,
			);
			path = CTTranscriber;
			sourceTree = "<group>";
		};
		6C57959938D64B9D176FD810 /* Services */ = {
			isa = PBXGroup;
			children = (
				733F64ADBB07315EFC4D8CD2 /* FileStorage.swift */,
				885311CE17FF8EAD94244A53 /* KeychainService.swift */,
				DFE4FD2BBF9CE4A25AD56D1C /* SettingsStorage.swift */,
			);
			path = Services;
			sourceTree = "<group>";
		};
		91CF9C95832D1A7BC0B5D256 /* ViewModels */ = {
			isa = PBXGroup;
			children = (
				B366EF674878E371A6B985E7 /* .gitkeep */,
				87F5B26DF43880E6D3E6C280 /* ChatViewModel.swift */,
				B640B4BCCA2BF24F2A20CC8B /* SettingsManager.swift */,
			);
			path = ViewModels;
			sourceTree = "<group>";
		};
		AD512143C811C3882755AB50 /* Python */ = {
			isa = PBXGroup;
			children = (
				2C12C6C49D0510515609D820 /* .gitkeep */,
			);
			path = Python;
			sourceTree = "<group>";
		};
		B00C0F36FF95BF66311829EF /* Products */ = {
			isa = PBXGroup;
			children = (
				27ABE31824F927E9C4AAC145 /* CTTranscriber.app */,
				37E38815C304D1AEC81942A0 /* CTTranscriberUITests.xctest */,
			);
			name = Products;
			sourceTree = "<group>";
		};
		D7D0D6BAE38952748E2220E7 = {
			isa = PBXGroup;
			children = (
				32F37C5058D60D201AA3624A /* CTTranscriber */,
				1FF6A8C20BBA1F661132A818 /* CTTranscriberUITests */,
				B00C0F36FF95BF66311829EF /* Products */,
			);
			sourceTree = "<group>";
		};
/* End PBXGroup section */

/* Begin PBXNativeTarget section */
		4E77C51A4B81A3A3AD110FE7 /* CTTranscriber */ = {
			isa = PBXNativeTarget;
			buildConfigurationList = 89BDF98D3029E655EBF25D99 /* Build configuration list for PBXNativeTarget "CTTranscriber" */;
			buildPhases = (
				6D9378AA93A69C0438D95593 /* Sources */,
			);
			buildRules = (
			);
			dependencies = (
			);
			name = CTTranscriber;
			packageProductDependencies = (
			);
			productName = CTTranscriber;
			productReference = 27ABE31824F927E9C4AAC145 /* CTTranscriber.app */;
			productType = "com.apple.product-type.application";
		};
		5E926D6EEDBCB560A75F6DD2 /* CTTranscriberUITests */ = {
			isa = PBXNativeTarget;
			buildConfigurationList = 39B66D0262C8E6ED73F84344 /* Build configuration list for PBXNativeTarget "CTTranscriberUITests" */;
			buildPhases = (
				F769020B3E071F2848036030 /* Sources */,
			);
			buildRules = (
			);
			dependencies = (
				8C6059CA2E65AA57A4CA3810 /* PBXTargetDependency */,
			);
			name = CTTranscriberUITests;
			packageProductDependencies = (
			);
			productName = CTTranscriberUITests;
			productReference = 37E38815C304D1AEC81942A0 /* CTTranscriberUITests.xctest */;
			productType = "com.apple.product-type.bundle.ui-testing";
		};
/* End PBXNativeTarget section */

/* Begin PBXProject section */
		6AECBB57F972D2385B1C13F9 /* Project object */ = {
			isa = PBXProject;
			attributes = {
				BuildIndependentTargetsInParallel = YES;
				LastUpgradeCheck = 1620;
				TargetAttributes = {
					4E77C51A4B81A3A3AD110FE7 = {
						DevelopmentTeam = "";
					};
					5E926D6EEDBCB560A75F6DD2 = {
						DevelopmentTeam = "";
						TestTargetID = 4E77C51A4B81A3A3AD110FE7;
					};
				};
			};
			buildConfigurationList = C7D3A218374FF211D918F0CB /* Build configuration list for PBXProject "CTTranscriber" */;
			developmentRegion = en;
			hasScannedForEncodings = 0;
			knownRegions = (
				Base,
				en,
			);
			mainGroup = D7D0D6BAE38952748E2220E7;
			minimizedProjectReferenceProxies = 1;
			preferredProjectObjectVersion = 77;
			productRefGroup = B00C0F36FF95BF66311829EF /* Products */;
			projectDirPath = "";
			projectRoot = "";
			targets = (
				4E77C51A4B81A3A3AD110FE7 /* CTTranscriber */,
				5E926D6EEDBCB560A75F6DD2 /* CTTranscriberUITests */,
			);
		};
/* End PBXProject section */

/* Begin PBXSourcesBuildPhase section */
		6D9378AA93A69C0438D95593 /* Sources */ = {
			isa = PBXSourcesBuildPhase;
			buildActionMask = 2147483647;
			files = (
				452BC2B8E93BB4944D672B81 /* AppSettings.swift in Sources */,
				17D2DE8BA27288D04F267D64 /* Attachment.swift in Sources */,
				33C143E5D5FC26D377B0EF8E /* CTTranscriberApp.swift in Sources */,
				B74AB71BE888405154B99885 /* ChatView.swift in Sources */,
				0C6DAE0E0E3BB1B8D180662E /* ChatViewModel.swift in Sources */,
				C3FC14CE7048400AFE174901 /* ContentView.swift in Sources */,
				988D58DA9740238EDAC3E3CB /* Conversation.swift in Sources */,
				E816061D4DC7642B48E733DC /* ConversationListView.swift in Sources */,
				FE28F286885BF46266AA3FE7 /* FileStorage.swift in Sources */,
				648620CA2893EF51B8F11936 /* KeychainService.swift in Sources */,
				0B4C75EEB3AEEE8104FF1B3B /* Message.swift in Sources */,
				3A816DC62F98B09AA0EEF0FE /* SettingsManager.swift in Sources */,
				B8F1E1CE6A8614F8D6D4DD9E /* SettingsStorage.swift in Sources */,
				34F36C5862E02B79DE6D5657 /* SettingsView.swift in Sources */,
			);
			runOnlyForDeploymentPostprocessing = 0;
		};
		F769020B3E071F2848036030 /* Sources */ = {
			isa = PBXSourcesBuildPhase;
			buildActionMask = 2147483647;
			files = (
				63B8E73BEB59C8509E59135C /* ConversationRenameUITests.swift in Sources */,
			);
			runOnlyForDeploymentPostprocessing = 0;
		};
/* End PBXSourcesBuildPhase section */

/* Begin PBXTargetDependency section */
		8C6059CA2E65AA57A4CA3810 /* PBXTargetDependency */ = {
			isa = PBXTargetDependency;
			target = 4E77C51A4B81A3A3AD110FE7 /* CTTranscriber */;
			targetProxy = D69350779C6F4C5919C1DFDA /* PBXContainerItemProxy */;
		};
/* End PBXTargetDependency section */

/* Begin XCBuildConfiguration section */
		5CB50F041E44E54E96179F0A /* Release */ = {
			isa = XCBuildConfiguration;
			buildSettings = {
				ASSETCATALOG_COMPILER_APPICON_NAME = AppIcon;
				COMBINE_HIDPI_IMAGES = YES;
				CURRENT_PROJECT_VERSION = 1;
				GENERATE_INFOPLIST_FILE = YES;
				INFOPLIST_GENERATION_MODE = GeneratedFile;
				INFOPLIST_KEY_CFBundleDisplayName = "CT Transcriber";
				INFOPLIST_KEY_LSApplicationCategoryType = "public.app-category.productivity";
				LD_RUNPATH_SEARCH_PATHS = (
					"$(inherited)",
					"@executable_path/../Frameworks",
				);
				MARKETING_VERSION = 0.1.0;
				PRODUCT_BUNDLE_IDENTIFIER = "com.branch.ct-transcriber";
				PRODUCT_NAME = "CT Transcriber";
				SDKROOT = macosx;
			};
			name = Release;
		};
		92DD915E753044225122FAFF /* Release */ = {
			isa = XCBuildConfiguration;
			buildSettings = {
				BUNDLE_LOADER = "$(TEST_HOST)";
				COMBINE_HIDPI_IMAGES = YES;
				GENERATE_INFOPLIST_FILE = YES;
				LD_RUNPATH_SEARCH_PATHS = (
					"$(inherited)",
					"@executable_path/Frameworks",
					"@loader_path/Frameworks",
				);
				PRODUCT_BUNDLE_IDENTIFIER = "com.branch.ct-transcriber.uitests";
				SDKROOT = macosx;
				TEST_TARGET_NAME = CTTranscriber;
			};
			name = Release;
		};
		A6B603276AE87EB1B5257B2E /* Debug */ = {
			isa = XCBuildConfiguration;
			buildSettings = {
				ASSETCATALOG_COMPILER_APPICON_NAME = AppIcon;
				COMBINE_HIDPI_IMAGES = YES;
				CURRENT_PROJECT_VERSION = 1;
				GENERATE_INFOPLIST_FILE = YES;
				INFOPLIST_GENERATION_MODE = GeneratedFile;
				INFOPLIST_KEY_CFBundleDisplayName = "CT Transcriber";
				INFOPLIST_KEY_LSApplicationCategoryType = "public.app-category.productivity";
				LD_RUNPATH_SEARCH_PATHS = (
					"$(inherited)",
					"@executable_path/../Frameworks",
				);
				MARKETING_VERSION = 0.1.0;
				PRODUCT_BUNDLE_IDENTIFIER = "com.branch.ct-transcriber";
				PRODUCT_NAME = "CT Transcriber";
				SDKROOT = macosx;
			};
			name = Debug;
		};
		B29AC22172FCBD4E615B9762 /* Debug */ = {
			isa = XCBuildConfiguration;
			buildSettings = {
				BUNDLE_LOADER = "$(TEST_HOST)";
				COMBINE_HIDPI_IMAGES = YES;
				GENERATE_INFOPLIST_FILE = YES;
				LD_RUNPATH_SEARCH_PATHS = (
					"$(inherited)",
					"@executable_path/Frameworks",
					"@loader_path/Frameworks",
				);
				PRODUCT_BUNDLE_IDENTIFIER = "com.branch.ct-transcriber.uitests";
				SDKROOT = macosx;
				TEST_TARGET_NAME = CTTranscriber;
			};
			name = Debug;
		};
		F5266AFC8EE8BD619978F424 /* Release */ = {
			isa = XCBuildConfiguration;
			buildSettings = {
				ALWAYS_SEARCH_USER_PATHS = NO;
				CLANG_ANALYZER_NONNULL = YES;
				CLANG_ANALYZER_NUMBER_OBJECT_CONVERSION = YES_AGGRESSIVE;
				CLANG_CXX_LANGUAGE_STANDARD = "gnu++14";
				CLANG_CXX_LIBRARY = "libc++";
				CLANG_ENABLE_MODULES = YES;
				CLANG_ENABLE_OBJC_ARC = YES;
				CLANG_ENABLE_OBJC_WEAK = YES;
				CLANG_WARN_BLOCK_CAPTURE_AUTORELEASING = YES;
				CLANG_WARN_BOOL_CONVERSION = YES;
				CLANG_WARN_COMMA = YES;
				CLANG_WARN_CONSTANT_CONVERSION = YES;
				CLANG_WARN_DEPRECATED_OBJC_IMPLEMENTATIONS = YES;
				CLANG_WARN_DIRECT_OBJC_ISA_USAGE = YES_ERROR;
				CLANG_WARN_DOCUMENTATION_COMMENTS = YES;
				CLANG_WARN_EMPTY_BODY = YES;
				CLANG_WARN_ENUM_CONVERSION = YES;
				CLANG_WARN_INFINITE_RECURSION = YES;
				CLANG_WARN_INT_CONVERSION = YES;
				CLANG_WARN_NON_LITERAL_NULL_CONVERSION = YES;
				CLANG_WARN_OBJC_IMPLICIT_RETAIN_SELF = YES;
				CLANG_WARN_OBJC_LITERAL_CONVERSION = YES;
				CLANG_WARN_OBJC_ROOT_CLASS = YES_ERROR;
				CLANG_WARN_QUOTED_INCLUDE_IN_FRAMEWORK_HEADER = YES;
				CLANG_WARN_RANGE_LOOP_ANALYSIS = YES;
				CLANG_WARN_STRICT_PROTOTYPES = YES;
				CLANG_WARN_SUSPICIOUS_MOVE = YES;
				CLANG_WARN_UNGUARDED_AVAILABILITY = YES_AGGRESSIVE;
				CLANG_WARN_UNREACHABLE_CODE = YES;
				CLANG_WARN__DUPLICATE_METHOD_MATCH = YES;
				COPY_PHASE_STRIP = NO;
				DEBUG_INFORMATION_FORMAT = "dwarf-with-dsym";
				DEVELOPMENT_TEAM = "";
				ENABLE_NS_ASSERTIONS = NO;
				ENABLE_STRICT_OBJC_MSGSEND = YES;
				GCC_C_LANGUAGE_STANDARD = gnu11;
				GCC_NO_COMMON_BLOCKS = YES;
				GCC_WARN_64_TO_32_BIT_CONVERSION = YES;
				GCC_WARN_ABOUT_RETURN_TYPE = YES_ERROR;
				GCC_WARN_UNDECLARED_SELECTOR = YES;
				GCC_WARN_UNINITIALIZED_AUTOS = YES_AGGRESSIVE;
				GCC_WARN_UNUSED_FUNCTION = YES;
				GCC_WARN_UNUSED_VARIABLE = YES;
				MACOSX_DEPLOYMENT_TARGET = 14.0;
				MTL_ENABLE_DEBUG_INFO = NO;
				MTL_FAST_MATH = YES;
				PRODUCT_NAME = "$(TARGET_NAME)";
				SDKROOT = macosx;
				SWIFT_COMPILATION_MODE = wholemodule;
				SWIFT_OPTIMIZATION_LEVEL = "-O";
				SWIFT_VERSION = 5.10;
			};
			name = Release;
		};
		FC26131AD60CA383E28504C4 /* Debug */ = {
			isa = XCBuildConfiguration;
			buildSettings = {
				ALWAYS_SEARCH_USER_PATHS = NO;
				CLANG_ANALYZER_NONNULL = YES;
				CLANG_ANALYZER_NUMBER_OBJECT_CONVERSION = YES_AGGRESSIVE;
				CLANG_CXX_LANGUAGE_STANDARD = "gnu++14";
				CLANG_CXX_LIBRARY = "libc++";
				CLANG_ENABLE_MODULES = YES;
				CLANG_ENABLE_OBJC_ARC = YES;
				CLANG_ENABLE_OBJC_WEAK = YES;
				CLANG_WARN_BLOCK_CAPTURE_AUTORELEASING = YES;
				CLANG_WARN_BOOL_CONVERSION = YES;
				CLANG_WARN_COMMA = YES;
				CLANG_WARN_CONSTANT_CONVERSION = YES;
				CLANG_WARN_DEPRECATED_OBJC_IMPLEMENTATIONS = YES;
				CLANG_WARN_DIRECT_OBJC_ISA_USAGE = YES_ERROR;
				CLANG_WARN_DOCUMENTATION_COMMENTS = YES;
				CLANG_WARN_EMPTY_BODY = YES;
				CLANG_WARN_ENUM_CONVERSION = YES;
				CLANG_WARN_INFINITE_RECURSION = YES;
				CLANG_WARN_INT_CONVERSION = YES;
				CLANG_WARN_NON_LITERAL_NULL_CONVERSION = YES;
				CLANG_WARN_OBJC_IMPLICIT_RETAIN_SELF = YES;
				CLANG_WARN_OBJC_LITERAL_CONVERSION = YES;
				CLANG_WARN_OBJC_ROOT_CLASS = YES_ERROR;
				CLANG_WARN_QUOTED_INCLUDE_IN_FRAMEWORK_HEADER = YES;
				CLANG_WARN_RANGE_LOOP_ANALYSIS = YES;
				CLANG_WARN_STRICT_PROTOTYPES = YES;
				CLANG_WARN_SUSPICIOUS_MOVE = YES;
				CLANG_WARN_UNGUARDED_AVAILABILITY = YES_AGGRESSIVE;
				CLANG_WARN_UNREACHABLE_CODE = YES;
				CLANG_WARN__DUPLICATE_METHOD_MATCH = YES;
				COPY_PHASE_STRIP = NO;
				DEBUG_INFORMATION_FORMAT = dwarf;
				DEVELOPMENT_TEAM = "";
				ENABLE_STRICT_OBJC_MSGSEND = YES;
				ENABLE_TESTABILITY = YES;
				GCC_C_LANGUAGE_STANDARD = gnu11;
				GCC_DYNAMIC_NO_PIC = NO;
				GCC_NO_COMMON_BLOCKS = YES;
				GCC_OPTIMIZATION_LEVEL = 0;
				GCC_PREPROCESSOR_DEFINITIONS = (
					"$(inherited)",
					"DEBUG=1",
				);
				GCC_WARN_64_TO_32_BIT_CONVERSION = YES;
				GCC_WARN_ABOUT_RETURN_TYPE = YES_ERROR;
				GCC_WARN_UNDECLARED_SELECTOR = YES;
				GCC_WARN_UNINITIALIZED_AUTOS = YES_AGGRESSIVE;
				GCC_WARN_UNUSED_FUNCTION = YES;
				GCC_WARN_UNUSED_VARIABLE = YES;
				MACOSX_DEPLOYMENT_TARGET = 14.0;
				MTL_ENABLE_DEBUG_INFO = INCLUDE_SOURCE;
				MTL_FAST_MATH = YES;
				ONLY_ACTIVE_ARCH = YES;
				PRODUCT_NAME = "$(TARGET_NAME)";
				SDKROOT = macosx;
				SWIFT_ACTIVE_COMPILATION_CONDITIONS = DEBUG;
				SWIFT_OPTIMIZATION_LEVEL = "-Onone";
				SWIFT_VERSION = 5.10;
			};
			name = Debug;
		};
/* End XCBuildConfiguration section */

/* Begin XCConfigurationList section */
		39B66D0262C8E6ED73F84344 /* Build configuration list for PBXNativeTarget "CTTranscriberUITests" */ = {
			isa = XCConfigurationList;
			buildConfigurations = (
				B29AC22172FCBD4E615B9762 /* Debug */,
				92DD915E753044225122FAFF /* Release */,
			);
			defaultConfigurationIsVisible = 0;
			defaultConfigurationName = Debug;
		};
		89BDF98D3029E655EBF25D99 /* Build configuration list for PBXNativeTarget "CTTranscriber" */ = {
			isa = XCConfigurationList;
			buildConfigurations = (
				A6B603276AE87EB1B5257B2E /* Debug */,
				5CB50F041E44E54E96179F0A /* Release */,
			);
			defaultConfigurationIsVisible = 0;
			defaultConfigurationName = Debug;
		};
		C7D3A218374FF211D918F0CB /* Build configuration list for PBXProject "CTTranscriber" */ = {
			isa = XCConfigurationList;
			buildConfigurations = (
				FC26131AD60CA383E28504C4 /* Debug */,
				F5266AFC8EE8BD619978F424 /* Release */,
			);
			defaultConfigurationIsVisible = 0;
			defaultConfigurationName = Debug;
		};
/* End XCConfigurationList section */
	};
	rootObject = 6AECBB57F972D2385B1C13F9 /* Project object */;
}
